
Microsoft Visual Studio Solution File, Format Version 12.00
# Visual Studio 15
VisualStudioVersion = 15.0.27004.2009
MinimumVisualStudioVersion = 10.0.40219.1
Project("{2150E333-8FDC-42A3-9474-1A3956D46DE8}") = "Engine", "Engine", "{421E32B5-9D03-4741-8D8F-3BAF4E0AB49C}"
EndProject
Project("{2150E333-8FDC-42A3-9474-1A3956D46DE8}") = "Games", "Games", "{916867CE-EA83-419B-846B-B5B11C72DD78}"
EndProject
Project("{8BC9CEB8-8B4A-11D0-8D11-00A0C91BC942}") = "UE4", "Intermediate\ProjectFiles\UE4.vcxproj", "{F3073CB1-5992-4CFD-8C24-49B26DFF8841}"
EndProject
Project("{8BC9CEB8-8B4A-11D0-8D11-00A0C91BC942}") = "TileBasedStrategy", "Intermediate\ProjectFiles\TileBasedStrategy.vcxproj", "{887FCD64-481B-4B7B-B757-0206D6AFBD1C}"
EndProject
Global
	GlobalSection(SolutionConfigurationPlatforms) = preSolution
		DebugGame Editor|HTML5 = DebugGame Editor|HTML5
		DebugGame Editor|Win32 = DebugGame Editor|Win32
		DebugGame Editor|Win64 = DebugGame Editor|Win64
		DebugGame|HTML5 = DebugGame|HTML5
		DebugGame|Win32 = DebugGame|Win32
		DebugGame|Win64 = DebugGame|Win64
		Development Editor|HTML5 = Development Editor|HTML5
		Development Editor|Win32 = Development Editor|Win32
		Development Editor|Win64 = Development Editor|Win64
		Development|HTML5 = Development|HTML5
		Development|Win32 = Development|Win32
		Development|Win64 = Development|Win64
		Shipping|HTML5 = Shipping|HTML5
		Shipping|Win32 = Shipping|Win32
		Shipping|Win64 = Shipping|Win64
	EndGlobalSection
	GlobalSection(ProjectConfigurationPlatforms) = postSolution
		{F3073CB1-5992-4CFD-8C24-49B26DFF8841}.DebugGame Editor|HTML5.ActiveCfg = BuiltWithUnrealBuildTool|Win32
		{F3073CB1-5992-4CFD-8C24-49B26DFF8841}.DebugGame Editor|HTML5.Build.0 = BuiltWithUnrealBuildTool|Win32
		{F3073CB1-5992-4CFD-8C24-49B26DFF8841}.DebugGame Editor|Win32.ActiveCfg = BuiltWithUnrealBuildTool|Win32
		{F3073CB1-5992-4CFD-8C24-49B26DFF8841}.DebugGame Editor|Win32.Build.0 = BuiltWithUnrealBuildTool|Win32
		{F3073CB1-5992-4CFD-8C24-49B26DFF8841}.DebugGame Editor|Win64.ActiveCfg = BuiltWithUnrealBuildTool|Win32
		{F3073CB1-5992-4CFD-8C24-49B26DFF8841}.DebugGame Editor|Win64.Build.0 = BuiltWithUnrealBuildTool|Win32
		{F3073CB1-5992-4CFD-8C24-49B26DFF8841}.DebugGame|HTML5.ActiveCfg = BuiltWithUnrealBuildTool|Win32
		{F3073CB1-5992-4CFD-8C24-49B26DFF8841}.DebugGame|HTML5.Build.0 = BuiltWithUnrealBuildTool|Win32
		{F3073CB1-5992-4CFD-8C24-49B26DFF8841}.DebugGame|Win32.ActiveCfg = BuiltWithUnrealBuildTool|Win32
		{F3073CB1-5992-4CFD-8C24-49B26DFF8841}.DebugGame|Win32.Build.0 = BuiltWithUnrealBuildTool|Win32
		{F3073CB1-5992-4CFD-8C24-49B26DFF8841}.DebugGame|Win64.ActiveCfg = BuiltWithUnrealBuildTool|Win32
		{F3073CB1-5992-4CFD-8C24-49B26DFF8841}.DebugGame|Win64.Build.0 = BuiltWithUnrealBuildTool|Win32
		{F3073CB1-5992-4CFD-8C24-49B26DFF8841}.Development Editor|HTML5.ActiveCfg = BuiltWithUnrealBuildTool|Win32
		{F3073CB1-5992-4CFD-8C24-49B26DFF8841}.Development Editor|HTML5.Build.0 = BuiltWithUnrealBuildTool|Win32
		{F3073CB1-5992-4CFD-8C24-49B26DFF8841}.Development Editor|Win32.ActiveCfg = BuiltWithUnrealBuildTool|Win32
		{F3073CB1-5992-4CFD-8C24-49B26DFF8841}.Development Editor|Win32.Build.0 = BuiltWithUnrealBuildTool|Win32
		{F3073CB1-5992-4CFD-8C24-49B26DFF8841}.Development Editor|Win64.ActiveCfg = BuiltWithUnrealBuildTool|Win32
		{F3073CB1-5992-4CFD-8C24-49B26DFF8841}.Development Editor|Win64.Build.0 = BuiltWithUnrealBuildTool|Win32
		{F3073CB1-5992-4CFD-8C24-49B26DFF8841}.Development|HTML5.ActiveCfg = BuiltWithUnrealBuildTool|Win32
		{F3073CB1-5992-4CFD-8C24-49B26DFF8841}.Development|HTML5.Build.0 = BuiltWithUnrealBuildTool|Win32
		{F3073CB1-5992-4CFD-8C24-49B26DFF8841}.Development|Win32.ActiveCfg = BuiltWithUnrealBuildTool|Win32
		{F3073CB1-5992-4CFD-8C24-49B26DFF8841}.Development|Win32.Build.0 = BuiltWithUnrealBuildTool|Win32
		{F3073CB1-5992-4CFD-8C24-49B26DFF8841}.Development|Win64.ActiveCfg = BuiltWithUnrealBuildTool|Win32
		{F3073CB1-5992-4CFD-8C24-49B26DFF8841}.Development|Win64.Build.0 = BuiltWithUnrealBuildTool|Win32
		{F3073CB1-5992-4CFD-8C24-49B26DFF8841}.Shipping|HTML5.ActiveCfg = BuiltWithUnrealBuildTool|Win32
		{F3073CB1-5992-4CFD-8C24-49B26DFF8841}.Shipping|HTML5.Build.0 = BuiltWithUnrealBuildTool|Win32
		{F3073CB1-5992-4CFD-8C24-49B26DFF8841}.Shipping|Win32.ActiveCfg = BuiltWithUnrealBuildTool|Win32
		{F3073CB1-5992-4CFD-8C24-49B26DFF8841}.Shipping|Win32.Build.0 = BuiltWithUnrealBuildTool|Win32
		{F3073CB1-5992-4CFD-8C24-49B26DFF8841}.Shipping|Win64.ActiveCfg = BuiltWithUnrealBuildTool|Win32
		{F3073CB1-5992-4CFD-8C24-49B26DFF8841}.Shipping|Win64.Build.0 = BuiltWithUnrealBuildTool|Win32
		{887FCD64-481B-4B7B-B757-0206D6AFBD1C}.DebugGame Editor|HTML5.ActiveCfg = HTML5_DebugGame_Editor|Win32
		{887FCD64-481B-4B7B-B757-0206D6AFBD1C}.DebugGame Editor|Win32.ActiveCfg = DebugGame_Editor|Win32
		{887FCD64-481B-4B7B-B757-0206D6AFBD1C}.DebugGame Editor|Win64.ActiveCfg = DebugGame_Editor|x64
		{887FCD64-481B-4B7B-B757-0206D6AFBD1C}.DebugGame Editor|Win64.Build.0 = DebugGame_Editor|x64
		{887FCD64-481B-4B7B-B757-0206D6AFBD1C}.DebugGame|HTML5.ActiveCfg = HTML5_DebugGame_Game|Win32
		{887FCD64-481B-4B7B-B757-0206D6AFBD1C}.DebugGame|HTML5.Build.0 = HTML5_DebugGame_Game|Win32
		{887FCD64-481B-4B7B-B757-0206D6AFBD1C}.DebugGame|Win32.ActiveCfg = DebugGame_Game|Win32
		{887FCD64-481B-4B7B-B757-0206D6AFBD1C}.DebugGame|Win32.Build.0 = DebugGame_Game|Win32
		{887FCD64-481B-4B7B-B757-0206D6AFBD1C}.DebugGame|Win64.ActiveCfg = DebugGame_Game|x64
		{887FCD64-481B-4B7B-B757-0206D6AFBD1C}.DebugGame|Win64.Build.0 = DebugGame_Game|x64
		{887FCD64-481B-4B7B-B757-0206D6AFBD1C}.Development Editor|HTML5.ActiveCfg = HTML5_Development_Editor|Win32
		{887FCD64-481B-4B7B-B757-0206D6AFBD1C}.Development Editor|Win32.ActiveCfg = Development_Editor|Win32
		{887FCD64-481B-4B7B-B757-0206D6AFBD1C}.Development Editor|Win64.ActiveCfg = Development_Editor|x64
		{887FCD64-481B-4B7B-B757-0206D6AFBD1C}.Development Editor|Win64.Build.0 = Development_Editor|x64
		{887FCD64-481B-4B7B-B757-0206D6AFBD1C}.Development|HTML5.ActiveCfg = HTML5_Development_Game|Win32
		{887FCD64-481B-4B7B-B757-0206D6AFBD1C}.Development|HTML5.Build.0 = HTML5_Development_Game|Win32
		{887FCD64-481B-4B7B-B757-0206D6AFBD1C}.Development|Win32.ActiveCfg = Development_Game|Win32
		{887FCD64-481B-4B7B-B757-0206D6AFBD1C}.Development|Win32.Build.0 = Development_Game|Win32
		{887FCD64-481B-4B7B-B757-0206D6AFBD1C}.Development|Win64.ActiveCfg = Development_Game|x64
		{887FCD64-481B-4B7B-B757-0206D6AFBD1C}.Development|Win64.Build.0 = Development_Game|x64
		{887FCD64-481B-4B7B-B757-0206D6AFBD1C}.Shipping|HTML5.ActiveCfg = HTML5_Shipping_Game|Win32
		{887FCD64-481B-4B7B-B757-0206D6AFBD1C}.Shipping|HTML5.Build.0 = HTML5_Shipping_Game|Win32
		{887FCD64-481B-4B7B-B757-0206D6AFBD1C}.Shipping|Win32.ActiveCfg = Shipping_Game|Win32
		{887FCD64-481B-4B7B-B757-0206D6AFBD1C}.Shipping|Win32.Build.0 = Shipping_Game|Win32
		{887FCD64-481B-4B7B-B757-0206D6AFBD1C}.Shipping|Win64.ActiveCfg = Shipping_Game|x64
		{887FCD64-481B-4B7B-B757-0206D6AFBD1C}.Shipping|Win64.Build.0 = Shipping_Game|x64
	EndGlobalSection
	GlobalSection(SolutionProperties) = preSolution
		HideSolutionNode = FALSE
	EndGlobalSection
	GlobalSection(NestedProjects) = preSolution
		{F3073CB1-5992-4CFD-8C24-49B26DFF8841} = {421E32B5-9D03-4741-8D8F-3BAF4E0AB49C}
		{887FCD64-481B-4B7B-B757-0206D6AFBD1C} = {916867CE-EA83-419B-846B-B5B11C72DD78}
	EndGlobalSection
	GlobalSection(ExtensibilityGlobals) = postSolution
		SolutionGuid = {B6AEDB22-12BC-45ED-A1FC-26CC099AFDF7}
	EndGlobalSection
EndGlobal
